
Microsoft Visual Studio Solution File, Format Version 12.00
# Visual Studio Version 17
VisualStudioVersion = 17.1.32407.343
MinimumVisualStudioVersion = 10.0.40219.1
Project("{FAE04EC0-301F-11D3-BF4B-00C04F79EFBC}") = "Banco.Entidades", "Banco.Entidades\Banco.Entidades.csproj", "{77385EE3-6057-4F4C-990B-30D01F672ACA}"
EndProject
Project("{FAE04EC0-301F-11D3-BF4B-00C04F79EFBC}") = "Banco.Data", "Banco.Data\Banco.Data.csproj", "{BB2702D1-FE5B-46E7-A767-568D642A389A}"
EndProject
Project("{FAE04EC0-301F-11D3-BF4B-00C04F79EFBC}") = "Banco.Negocio", "Banco.Negocio\Banco.Negocio.csproj", "{6E95A701-5515-4D9B-B6F0-01A39878285B}"
EndProject
Project("{FAE04EC0-301F-11D3-BF4B-00C04F79EFBC}") = "Banco.AppWin", "Banco.AppWin\Banco.AppWin.csproj", "{8473ACEF-2438-4EB5-A03B-96FFFB659A48}"
EndProject
Project("{2150E333-8FDC-42A3-9474-1A3956D46DE8}") = "Business Layer", "Business Layer", "{D9FC8BEC-14EE-4B27-96E8-FF046EC80472}"
EndProject
Project("{2150E333-8FDC-42A3-9474-1A3956D46DE8}") = "Data Layer", "Data Layer", "{AC9A606C-2DA8-47D3-AF2B-05B4D52C4FED}"
EndProject
Project("{2150E333-8FDC-42A3-9474-1A3956D46DE8}") = "Presentation Layer", "Presentation Layer", "{57B43C9D-EC54-4F23-84BF-33005D7E8BC4}"
EndProject
Global
	GlobalSection(SolutionConfigurationPlatforms) = preSolution
		Debug|Any CPU = Debug|Any CPU
		Release|Any CPU = Release|Any CPU
	EndGlobalSection
	GlobalSection(ProjectConfigurationPlatforms) = postSolution
		{77385EE3-6057-4F4C-990B-30D01F672ACA}.Debug|Any CPU.ActiveCfg = Debug|Any CPU
		{77385EE3-6057-4F4C-990B-30D01F672ACA}.Debug|Any CPU.Build.0 = Debug|Any CPU
		{77385EE3-6057-4F4C-990B-30D01F672ACA}.Release|Any CPU.ActiveCfg = Release|Any CPU
		{77385EE3-6057-4F4C-990B-30D01F672ACA}.Release|Any CPU.Build.0 = Release|Any CPU
		{BB2702D1-FE5B-46E7-A767-568D642A389A}.Debug|Any CPU.ActiveCfg = Debug|Any CPU
		{BB2702D1-FE5B-46E7-A767-568D642A389A}.Debug|Any CPU.Build.0 = Debug|Any CPU
		{BB2702D1-FE5B-46E7-A767-568D642A389A}.Release|Any CPU.ActiveCfg = Release|Any CPU
		{BB2702D1-FE5B-46E7-A767-568D642A389A}.Release|Any CPU.Build.0 = Release|Any CPU
		{6E95A701-5515-4D9B-B6F0-01A39878285B}.Debug|Any CPU.ActiveCfg = Debug|Any CPU
		{6E95A701-5515-4D9B-B6F0-01A39878285B}.Debug|Any CPU.Build.0 = Debug|Any CPU
		{6E95A701-5515-4D9B-B6F0-01A39878285B}.Release|Any CPU.ActiveCfg = Release|Any CPU
		{6E95A701-5515-4D9B-B6F0-01A39878285B}.Release|Any CPU.Build.0 = Release|Any CPU
		{8473ACEF-2438-4EB5-A03B-96FFFB659A48}.Debug|Any CPU.ActiveCfg = Debug|Any CPU
		{8473ACEF-2438-4EB5-A03B-96FFFB659A48}.Debug|Any CPU.Build.0 = Debug|Any CPU
		{8473ACEF-2438-4EB5-A03B-96FFFB659A48}.Release|Any CPU.ActiveCfg = Release|Any CPU
		{8473ACEF-2438-4EB5-A03B-96FFFB659A48}.Release|Any CPU.Build.0 = Release|Any CPU
	EndGlobalSection
	GlobalSection(SolutionProperties) = preSolution
		HideSolutionNode = FALSE
	EndGlobalSection
	GlobalSection(ExtensibilityGlobals) = postSolution
		SolutionGuid = {3292E7D1-C2EC-457C-BF22-581A89931FC2}
	EndGlobalSection
EndGlobal
